
Microsoft Visual Studio Solution File, Format Version 12.00
# Visual Studio Version 16
VisualStudioVersion = 16.0.29728.190
MinimumVisualStudioVersion = 10.0.40219.1
Project("{FAE04EC0-301F-11D3-BF4B-00C04F79EFBC}") = "BookListMVC", "BookListMVC.csproj", "{CC1D6BFE-96B2-4151-82A2-B5ECD78062CA}"
EndProject
Global
	GlobalSection(SolutionConfigurationPlatforms) = preSolution
		Debug|Any CPU = Debug|Any CPU
		Release|Any CPU = Release|Any CPU
	EndGlobalSection
	GlobalSection(ProjectConfigurationPlatforms) = postSolution
		{CC1D6BFE-96B2-4151-82A2-B5ECD78062CA}.Debug|Any CPU.ActiveCfg = Debug|Any CPU
		{CC1D6BFE-96B2-4151-82A2-B5ECD78062CA}.Debug|Any CPU.Build.0 = Debug|Any CPU
		{CC1D6BFE-96B2-4151-82A2-B5ECD78062CA}.Release|Any CPU.ActiveCfg = Release|Any CPU
		{CC1D6BFE-96B2-4151-82A2-B5ECD78062CA}.Release|Any CPU.Build.0 = Release|Any CPU
	EndGlobalSection
	GlobalSection(SolutionProperties) = preSolution
		HideSolutionNode = FALSE
	EndGlobalSection
	GlobalSection(ExtensibilityGlobals) = postSolution
		SolutionGuid = {12DBD982-77FC-4A6C-B2C3-E722D3A011CC}
	EndGlobalSection
EndGlobal
